
Microsoft Visual Studio Solution File, Format Version 12.00
# Visual Studio 15
VisualStudioVersion = 15.0.28307.960
MinimumVisualStudioVersion = 10.0.40219.1
Project("{FAE04EC0-301F-11D3-BF4B-00C04F79EFBC}") = "Arkiva.VAF.ExportarDocumentosAlianza", "Arkiva.VAF.ExportarDocumentosAlianza\Arkiva.VAF.ExportarDocumentosAlianza.csproj", "{C226DA7F-DBEA-463E-8CCC-979F8AE2AA6D}"
EndProject
Global
	GlobalSection(SolutionConfigurationPlatforms) = preSolution
		Debug|Any CPU = Debug|Any CPU
		Release|Any CPU = Release|Any CPU
	EndGlobalSection
	GlobalSection(ProjectConfigurationPlatforms) = postSolution
		{C226DA7F-DBEA-463E-8CCC-979F8AE2AA6D}.Debug|Any CPU.ActiveCfg = Debug|Any CPU
		{C226DA7F-DBEA-463E-8CCC-979F8AE2AA6D}.Debug|Any CPU.Build.0 = Debug|Any CPU
		{C226DA7F-DBEA-463E-8CCC-979F8AE2AA6D}.Release|Any CPU.ActiveCfg = Release|Any CPU
		{C226DA7F-DBEA-463E-8CCC-979F8AE2AA6D}.Release|Any CPU.Build.0 = Release|Any CPU
	EndGlobalSection
	GlobalSection(SolutionProperties) = preSolution
		HideSolutionNode = FALSE
	EndGlobalSection
	GlobalSection(ExtensibilityGlobals) = postSolution
		SolutionGuid = {6866C5ED-7CA2-4698-B8AF-DF6FE264590B}
	EndGlobalSection
EndGlobal
